
Microsoft Visual Studio Solution File, Format Version 12.00
# Visual Studio Version 17
VisualStudioVersion = 17.5.33502.453
MinimumVisualStudioVersion = 10.0.40219.1
Project("{FAE04EC0-301F-11D3-BF4B-00C04F79EFBC}") = "Task4", "Task4\Task4.csproj", "{B8C9E88A-0243-4367-89FD-7899B66C31D1}"
EndProject
Global
	GlobalSection(SolutionConfigurationPlatforms) = preSolution
		Debug|Any CPU = Debug|Any CPU
		Release|Any CPU = Release|Any CPU
	EndGlobalSection
	GlobalSection(ProjectConfigurationPlatforms) = postSolution
		{B8C9E88A-0243-4367-89FD-7899B66C31D1}.Debug|Any CPU.ActiveCfg = Debug|Any CPU
		{B8C9E88A-0243-4367-89FD-7899B66C31D1}.Debug|Any CPU.Build.0 = Debug|Any CPU
		{B8C9E88A-0243-4367-89FD-7899B66C31D1}.Release|Any CPU.ActiveCfg = Release|Any CPU
		{B8C9E88A-0243-4367-89FD-7899B66C31D1}.Release|Any CPU.Build.0 = Release|Any CPU
	EndGlobalSection
	GlobalSection(SolutionProperties) = preSolution
		HideSolutionNode = FALSE
	EndGlobalSection
	GlobalSection(ExtensibilityGlobals) = postSolution
		SolutionGuid = {D325C1D9-2E34-47F2-BC6E-8A6AE7124C7E}
	EndGlobalSection
EndGlobal
